# THIS IS AN AUTOGENERATED FILE. DO NOT EDIT THIS FILE DIRECTLY.
# yarn lockfile v1


"@abp/aspnetcore.mvc.ui.theme.leptonxlite@~4.2.0":
  version "4.2.4"
  resolved "https://registry.yarnpkg.com/@abp/aspnetcore.mvc.ui.theme.leptonxlite/-/aspnetcore.mvc.ui.theme.leptonxlite-4.2.4.tgz#9510bbb728935eb1385c7aaaec3b8ddf617a8e81"
  integrity sha512-zWaMx1Wx58VHorLLPHNxih9b5KUhe7RjAhbhlsD8YyPATPXYgl4r9eckh6nnQ9iYd/IqlGexXrDQWDBox4On1Q==
  dependencies:
    "@abp/aspnetcore.mvc.ui.theme.shared" "~9.2.4"

"@abp/aspnetcore.mvc.ui.theme.shared@~9.2.4":
  version "9.2.4"
  resolved "https://registry.yarnpkg.com/@abp/aspnetcore.mvc.ui.theme.shared/-/aspnetcore.mvc.ui.theme.shared-9.2.4.tgz#dfc986f959748f7a916905ac259dcb2ce3e07d62"
  integrity sha512-D/Wyaljog/bg3XMkxr+bHQlRQ4xiDgJCXetd5uHHDDfO77Z4/x8zzX70fEqbIQIvi1xvK+jDlG2z9fkqs+Vesg==
  dependencies:
    "@abp/aspnetcore.mvc.ui" "~9.2.4"
    "@abp/bootstrap" "~9.2.4"
    "@abp/bootstrap-datepicker" "~9.2.4"
    "@abp/bootstrap-daterangepicker" "~9.2.4"
    "@abp/datatables.net-bs5" "~9.2.4"
    "@abp/font-awesome" "~9.2.4"
    "@abp/jquery-form" "~9.2.4"
    "@abp/jquery-validation-unobtrusive" "~9.2.4"
    "@abp/lodash" "~9.2.4"
    "@abp/luxon" "~9.2.4"
    "@abp/malihu-custom-scrollbar-plugin" "~9.2.4"
    "@abp/moment" "~9.2.4"
    "@abp/select2" "~9.2.4"
    "@abp/sweetalert2" "~9.2.4"
    "@abp/timeago" "~9.2.4"

"@abp/aspnetcore.mvc.ui@~9.2.4":
  version "9.2.4"
  resolved "https://registry.yarnpkg.com/@abp/aspnetcore.mvc.ui/-/aspnetcore.mvc.ui-9.2.4.tgz#37234ab1ebdc3d7989472ce5ed94895127c49532"
  integrity sha512-V3tyW28qzzwZyIYYKu2AB3a1+fvJxLRvFfqzliIlPdfEFmkfnC/vKtgQlEc0Kfzg0KcgY9XgnbK41HaJ3qlClQ==
  dependencies:
    ansi-colors "^4.1.3"

"@abp/bootstrap-datepicker@~9.2.4":
  version "9.2.4"
  resolved "https://registry.yarnpkg.com/@abp/bootstrap-datepicker/-/bootstrap-datepicker-9.2.4.tgz#f6deac63d0b6cb4e157c334b2bee1880e86701e1"
  integrity sha512-qzX2ccECrlR9MZavHylZBQpDtObWBhtX96nE/y1qztHBSVjcB38CiwQ3UyBs/BSg7YcOSpdV7f5dCQcH/5R1PA==
  dependencies:
    bootstrap-datepicker "^1.10.0"

"@abp/bootstrap-daterangepicker@~9.2.4":
  version "9.2.4"
  resolved "https://registry.yarnpkg.com/@abp/bootstrap-daterangepicker/-/bootstrap-daterangepicker-9.2.4.tgz#7dd651bb672b894b4a85750e7a4fa0fefe85e4e1"
  integrity sha512-qGddHhHzbkyXIpLOQ6l9FYez6Jjz8pLViUUO6ZBlVG2GQg3le1dHte8l6b74DpRJ7XQ7chwK2q9cMLDADCQH/A==
  dependencies:
    bootstrap-daterangepicker "^3.1.0"

"@abp/bootstrap@~9.2.4":
  version "9.2.4"
  resolved "https://registry.yarnpkg.com/@abp/bootstrap/-/bootstrap-9.2.4.tgz#2685eeee4113e99d5351bc9c769e1db6f94a6c82"
  integrity sha512-rKiQ0KvufpziX084D+bIBzKenCNyi4ASKyFGBjo7b3UnaYMvOUh/9UHeI15z3H6dBEmVjhefkshjyqJYw0J1fg==
  dependencies:
    "@abp/core" "~9.2.4"
    bootstrap "^5.3.3"

"@abp/core@~9.2.4":
  version "9.2.4"
  resolved "https://registry.yarnpkg.com/@abp/core/-/core-9.2.4.tgz#b1b24f24e6fbc05726f0e8bf2d606c76cd1e3c51"
  integrity sha512-02OUR/6/8u5qfAqB9KMgS0HudFqE065gx21A/Zj2lyPml9cBnTXlDVWiKnOjDgaRCduwHLhNokpSGoz7qzAT0A==
  dependencies:
    "@abp/utils" "~9.2.4"

"@abp/datatables.net-bs5@~9.2.4":
  version "9.2.4"
  resolved "https://registry.yarnpkg.com/@abp/datatables.net-bs5/-/datatables.net-bs5-9.2.4.tgz#3455296edae95c4da0533bd20bcd25ff41a9494f"
  integrity sha512-kGD/EeRm8bODwFcHzkCbHQbrsq57urrWd5nCNsguPamYS5iPYjWpnigrpC9FutgPlYBonw9/6IqL+UyzYmjJIA==
  dependencies:
    "@abp/datatables.net" "~9.2.4"
    datatables.net-bs5 "^2.1.8"

"@abp/datatables.net@~9.2.4":
  version "9.2.4"
  resolved "https://registry.yarnpkg.com/@abp/datatables.net/-/datatables.net-9.2.4.tgz#6e01f9f39cd217c8cd140bd9ede07b6e3673dc86"
  integrity sha512-gFr2imSEiAezTLPelpqMf2i3kdolDJN8FSXW6xESXE/H0pYLmYPsZRmXlCwvxPVXYFJF9v/Ip72gCA/805w99A==
  dependencies:
    "@abp/jquery" "~9.2.4"
    datatables.net "^2.1.8"

"@abp/font-awesome@~9.2.4":
  version "9.2.4"
  resolved "https://registry.yarnpkg.com/@abp/font-awesome/-/font-awesome-9.2.4.tgz#a106bc2f6fada4202e851c42e10d8df318bbfb40"
  integrity sha512-lpgCAPaQL4gZJo+28ydv1q3Pc6ou6aqxtCsx07qGsIvPQWMvLkZEcfzq5KcI+LkPjkWSdDrdFoVW3Q9XEyGy3g==
  dependencies:
    "@abp/core" "~9.2.4"
    "@fortawesome/fontawesome-free" "^6.6.0"

"@abp/jquery-form@~9.2.4":
  version "9.2.4"
  resolved "https://registry.yarnpkg.com/@abp/jquery-form/-/jquery-form-9.2.4.tgz#ffe22a7f53def809da71b1b93af21d010ef55ba0"
  integrity sha512-J4vH9gStwPD0e0kWhjWLSAo5CKpZ8f0XIvhHHzFLB7OYs/7AKM2EBksstPbQkSXay0OAffP3NH2rOSHOWxb7qQ==
  dependencies:
    "@abp/jquery" "~9.2.4"
    jquery-form "^4.3.0"

"@abp/jquery-validation-unobtrusive@~9.2.4":
  version "9.2.4"
  resolved "https://registry.yarnpkg.com/@abp/jquery-validation-unobtrusive/-/jquery-validation-unobtrusive-9.2.4.tgz#56f90fbfe0f2cceb9e88a6b6e06df43801f15018"
  integrity sha512-rF8zu06htg+5ghxi7X3IzXJv7Gk+tw5lQsYEAdHEhtq+wus/hJRW3z5gD6uU81334xdILEiBp1t78t0LvOc84Q==
  dependencies:
    "@abp/jquery-validation" "~9.2.4"
    jquery-validation-unobtrusive "^4.0.0"

"@abp/jquery-validation@~9.2.4":
  version "9.2.4"
  resolved "https://registry.yarnpkg.com/@abp/jquery-validation/-/jquery-validation-9.2.4.tgz#99b3055cbdc550b7a506aaf25eb613a13ea0e584"
  integrity sha512-pmaRER2R8oR6EQTdmzP+3+ERmY/KCg0hycpcmVdj2gc+f0JZkJoSvL+j3AqbVs002PwGH6QHY6k/jQ1gc0iisw==
  dependencies:
    "@abp/jquery" "~9.2.4"
    jquery-validation "^1.21.0"

"@abp/jquery@~9.2.4":
  version "9.2.4"
  resolved "https://registry.yarnpkg.com/@abp/jquery/-/jquery-9.2.4.tgz#7fdd09ce974bef7560482727dba186cd089f37d9"
  integrity sha512-mDV/3YWnJPwr5ICLSaG1HdQsw5Wac7gPhsJdt8H5fqapvaI3nl/osgHfOvge5zaxnsFv2pXuBLlRp6eGqMKO1w==
  dependencies:
    "@abp/core" "~9.2.4"
    jquery "~3.7.1"

"@abp/lodash@~9.2.4":
  version "9.2.4"
  resolved "https://registry.yarnpkg.com/@abp/lodash/-/lodash-9.2.4.tgz#351af7e45f3b5afd82e3eee25bd6b37f51d1d8ad"
  integrity sha512-DTKX+BlD5T5xnDlIAV97KUuONc25j1pP3ig3BBcH6+JIe7L1mjkOylEbhxOcl5fwpWjw18xafsl21p2dX3xo6w==
  dependencies:
    "@abp/core" "~9.2.4"
    lodash "^4.17.21"

"@abp/luxon@~9.2.4":
  version "9.2.4"
  resolved "https://registry.yarnpkg.com/@abp/luxon/-/luxon-9.2.4.tgz#16936b75cbef119e14bc1e32a5a0f8befdbd07f1"
  integrity sha512-Poh4ls+yf4VeVKuqkG029y2AE6lRKBooTSa5IoTp7r6q0gSl88bROg7iMeUFjBQBo0tzOC/9hNN0meqycLGmMg==
  dependencies:
    "@abp/core" "~9.2.4"
    luxon "^3.5.0"

"@abp/malihu-custom-scrollbar-plugin@~9.2.4":
  version "9.2.4"
  resolved "https://registry.yarnpkg.com/@abp/malihu-custom-scrollbar-plugin/-/malihu-custom-scrollbar-plugin-9.2.4.tgz#36e3ef220e492299bcaaeea5d32fccc06a06fdf8"
  integrity sha512-Z5EQlJHNggCrwN9zI0JFnKbVAJPUmCdKO/xO9zfbLwt/tsuij+bJCOExdi5CxOk0/3Dq+BTl0Ai7Z1KKM2sX0Q==
  dependencies:
    "@abp/core" "~9.2.4"
    malihu-custom-scrollbar-plugin "^3.1.5"

"@abp/moment@~9.2.4":
  version "9.2.4"
  resolved "https://registry.yarnpkg.com/@abp/moment/-/moment-9.2.4.tgz#71b87868e5e320aeba25254f5d8282d9dfd052a0"
  integrity sha512-TnVtIUed+GzNDqe4RfOr2KdJCyQCoiQlE0bgiIYJypKXPBfkKcF7FQCwRSKCfi2j/XqnJSB+7Emy2LTSW/qn4Q==
  dependencies:
    moment "^2.30.1"

"@abp/select2@~9.2.4":
  version "9.2.4"
  resolved "https://registry.yarnpkg.com/@abp/select2/-/select2-9.2.4.tgz#3364ca3d4ea9eea4a0535c3d21e728648a1f4009"
  integrity sha512-oBPg4Nxe4Nng9IIuVE4/yM2DJKx7Z+rLTALNA4BLCeLFvEslKG+zTVsbMk4qqkXp3ygYDmJCI8PGDcP5IqLW+A==
  dependencies:
    "@abp/core" "~9.2.4"
    select2 "^4.0.13"

"@abp/sweetalert2@~9.2.4":
  version "9.2.4"
  resolved "https://registry.yarnpkg.com/@abp/sweetalert2/-/sweetalert2-9.2.4.tgz#f3647db5fdd6c5510849e9a52f1222a33b767cda"
  integrity sha512-xMnyEGc/NEUP0l2Czf6ObelFcAxAFO3vjETobUXkPOLdP+W2TBh6JgJk9XnDxMEN4G7onNU9/xO48z4hfHDxiw==
  dependencies:
    "@abp/core" "~9.2.4"
    sweetalert2 "^11.14.1"

"@abp/timeago@~9.2.4":
  version "9.2.4"
  resolved "https://registry.yarnpkg.com/@abp/timeago/-/timeago-9.2.4.tgz#196d2d84bdaf6b4eeae2879d7e85327fc0cca5fd"
  integrity sha512-ZKi92qSCZoXKGEElZGOEqeV5n3oVRxnagxC47xM7Kzzx+lllozMRpNH13TH7hdhzwCkZtg441Ap/UttXUXe/zg==
  dependencies:
    "@abp/jquery" "~9.2.4"
    timeago "^1.6.7"

"@abp/utils@~9.2.4":
  version "9.2.4"
  resolved "https://registry.yarnpkg.com/@abp/utils/-/utils-9.2.4.tgz#abedd66ce3e6cfa10e21a1d41e41ec13d26e84f0"
  integrity sha512-lm86rmdLb1CY09UeYXuXqiYCsdDAtQ4lDFpG80fGXuvyzh35I3OP4wMpa5nUeBYUrNm3k0LDhlsT/QTf8D1Jmg==
  dependencies:
    just-compare "^2.3.0"

"@fortawesome/fontawesome-free@^6.6.0":
  version "6.7.2"
  resolved "https://registry.yarnpkg.com/@fortawesome/fontawesome-free/-/fontawesome-free-6.7.2.tgz#8249de9b7e22fcb3ceb5e66090c30a1d5492b81a"
  integrity sha512-JUOtgFW6k9u4Y+xeIaEiLr3+cjoUPiAuLXoyKOJSia6Duzb7pq+A76P9ZdPDoAoxHdHzq6gE9/jKBGXlZT8FbA==

ansi-colors@^4.1.3:
  version "4.1.3"
  resolved "https://registry.yarnpkg.com/ansi-colors/-/ansi-colors-4.1.3.tgz#37611340eb2243e70cc604cad35d63270d48781b"
  integrity sha512-/6w/C21Pm1A7aZitlI5Ni/2J6FFQN8i1Cvz3kHABAAbw93v/NlvKdVOqz7CCWz/3iv/JplRSEEZ83XION15ovw==

bootstrap-datepicker@^1.10.0:
  version "1.10.0"
  resolved "https://registry.yarnpkg.com/bootstrap-datepicker/-/bootstrap-datepicker-1.10.0.tgz#61612bbe8bf0a69a5bce32bbcdda93ebb6ccf24a"
  integrity sha512-lWxtSYddAQOpbAO8UhYhHLcK6425eWoSjb5JDvZU3ePHEPF6A3eUr51WKaFy4PccU19JRxUG6wEU3KdhtKfvpg==
  dependencies:
    jquery ">=3.4.0 <4.0.0"

bootstrap-daterangepicker@^3.1.0:
  version "3.1.0"
  resolved "https://registry.yarnpkg.com/bootstrap-daterangepicker/-/bootstrap-daterangepicker-3.1.0.tgz#632e6fb2de4b6360c5c0a9d5f6adb9aace051fe8"
  integrity sha512-oaQZx6ZBDo/dZNyXGVi2rx5GmFXThyQLAxdtIqjtLlYVaQUfQALl5JZMJJZzyDIX7blfy4ppZPAJ10g8Ma4d/g==
  dependencies:
    jquery ">=1.10"
    moment "^2.9.0"

bootstrap@^5.3.3:
  version "5.3.8"
  resolved "https://registry.yarnpkg.com/bootstrap/-/bootstrap-5.3.8.tgz#6401a10057a22752d21f4e19055508980656aeed"
  integrity sha512-HP1SZDqaLDPwsNiqRqi5NcP0SSXciX2s9E+RyqJIIqGo+vJeN5AJVM98CXmW/Wux0nQ5L7jeWUdplCEf0Ee+tg==

datatables.net-bs5@^2.1.8:
  version "2.3.4"
  resolved "https://registry.yarnpkg.com/datatables.net-bs5/-/datatables.net-bs5-2.3.4.tgz#63326190c20552c8c2c4d19a57ecdd10f0fe27ff"
  integrity sha512-OSoPWhNfiU71VjNP604uTmFRxiX32U7SCW0KRZ2X6z3ZYbIwjjoWcMEjjPWOH3uOqaI0OTDBgOgOs5G28VaJog==
  dependencies:
    datatables.net "2.3.4"
    jquery ">=1.7"

datatables.net@2.3.4, datatables.net@^2.1.8:
  version "2.3.4"
  resolved "https://registry.yarnpkg.com/datatables.net/-/datatables.net-2.3.4.tgz#8cf69f2e6cb8d271be3d5c4f75a479684d20f253"
  integrity sha512-fKuRlrBIdpAl2uIFgl9enKecHB41QmFd/2nN9LBbOvItV/JalAxLcyqdZXex7wX4ZXjnJQEnv6xeS9veOpKzSw==
  dependencies:
    jquery ">=1.7"

jquery-form@^4.3.0:
  version "4.3.0"
  resolved "https://registry.yarnpkg.com/jquery-form/-/jquery-form-4.3.0.tgz#7d3961c314a1f2d15298f4af1d3943f54f4149c6"
  integrity sha512-q3uaVCEWdLOYUCI6dpNdwf/7cJFOsUgdpq6r0taxtGQ5NJSkOzofyWm4jpOuJ5YxdmL1FI5QR+q+HB63HHLGnQ==
  dependencies:
    jquery ">=1.7.2"

jquery-mousewheel@>=3.0.6:
  version "3.2.2"
  resolved "https://registry.yarnpkg.com/jquery-mousewheel/-/jquery-mousewheel-3.2.2.tgz#48c833f6260ee0c46d438a999e7d0060ec9eed0b"
  integrity sha512-JP71xTAg08ZY3hcs9ZbYUZ5i+dkSsz4yRl/zpWkAmtzc+kMs5EfPkpkINSidiLYMaR0MTo3DfFGF9WIezMsFQQ==
  dependencies:
    jquery ">=1.2.6"

jquery-validation-unobtrusive@^4.0.0:
  version "4.0.0"
  resolved "https://registry.yarnpkg.com/jquery-validation-unobtrusive/-/jquery-validation-unobtrusive-4.0.0.tgz#dfcf25a558496a2c883db6021d10f5398d15f99d"
  integrity sha512-1ervYFFv6LX/rp7ktuLnMakHNG0piNRDyROI8Ir3hL1vPIwylAehB1AY3BPrYJnzW3WmwWryZq+Bz4sazZK9iQ==
  dependencies:
    jquery "^3.6.0"
    jquery-validation ">=1.19"

jquery-validation@>=1.19, jquery-validation@^1.21.0:
  version "1.21.0"
  resolved "https://registry.yarnpkg.com/jquery-validation/-/jquery-validation-1.21.0.tgz#78fc05ab76020912a246af3661b3f54a438bca93"
  integrity sha512-xNot0rlUIgu7duMcQ5qb6MGkGL/Z1PQaRJQoZAURW9+a/2PGOUxY36o/WyNeP2T9R6jvWB8Z9lUVvvQWI/Zs5w==

jquery@>=1.10, jquery@>=1.2.6, "jquery@>=1.5.0 <4.0", jquery@>=1.7, jquery@>=1.7.2, "jquery@>=3.4.0 <4.0.0", jquery@^3.6.0, jquery@~3.7.1:
  version "3.7.1"
  resolved "https://registry.yarnpkg.com/jquery/-/jquery-3.7.1.tgz#083ef98927c9a6a74d05a6af02806566d16274de"
  integrity sha512-m4avr8yL8kmFN8psrbFFFmB/If14iN5o9nw/NgnnM+kybDJpRsAynV2BsfpTYrTRysYUdADVD7CkUUizgkpLfg==

just-compare@^2.3.0:
  version "2.3.0"
  resolved "https://registry.yarnpkg.com/just-compare/-/just-compare-2.3.0.tgz#a2adcc1d1940536263275f5a1ef1298bcacfeda7"
  integrity sha512-6shoR7HDT+fzfL3gBahx1jZG3hWLrhPAf+l7nCwahDdT9XDtosB9kIF0ZrzUp5QY8dJWfQVr5rnsPqsbvflDzg==

lodash@^4.17.21:
  version "4.17.21"
  resolved "https://registry.yarnpkg.com/lodash/-/lodash-4.17.21.tgz#679591c564c3bffaae8454cf0b3df370c3d6911c"
  integrity sha512-v2kDEe57lecTulaDIuNTPy3Ry4gLGJ6Z1O3vE1krgXZNrsQ+LFTGHVxVjcXPs17LhbZVGedAJv8XZ1tvj5FvSg==

luxon@^3.5.0:
  version "3.7.2"
  resolved "https://registry.yarnpkg.com/luxon/-/luxon-3.7.2.tgz#d697e48f478553cca187a0f8436aff468e3ba0ba"
  integrity sha512-vtEhXh/gNjI9Yg1u4jX/0YVPMvxzHuGgCm6tC5kZyb08yjGWGnqAjGJvcXbqQR2P3MyMEFnRbpcdFS6PBcLqew==

malihu-custom-scrollbar-plugin@^3.1.5:
  version "3.1.5"
  resolved "https://registry.yarnpkg.com/malihu-custom-scrollbar-plugin/-/malihu-custom-scrollbar-plugin-3.1.5.tgz#310cecc5e59415a1c29e9dfb5d2b6e01d66a29ef"
  integrity sha512-lwW3LgI+CNDMPnP4ED2la6oYxWMkCXlnhex+s2wuOLhFDFGnGmQuTQVdRK9bvDLpxs10sGlfErVufJy9ztfgJQ==
  dependencies:
    jquery-mousewheel ">=3.0.6"

moment@^2.30.1, moment@^2.9.0:
  version "2.30.1"
  resolved "https://registry.yarnpkg.com/moment/-/moment-2.30.1.tgz#f8c91c07b7a786e30c59926df530b4eac96974ae"
  integrity sha512-uEmtNhbDOrWPFS+hdjFCBfy9f2YoyzRpwcl+DqpC6taX21FzsTLQVbMV/W7PzNSX6x/bhC1zA3c2UQ5NzH6how==

select2@^4.0.13:
  version "4.0.13"
  resolved "https://registry.yarnpkg.com/select2/-/select2-4.0.13.tgz#0dbe377df3f96167c4c1626033e924372d8ef44d"
  integrity sha512-1JeB87s6oN/TDxQQYCvS5EFoQyvV6eYMZZ0AeA4tdFDYWN3BAGZ8npr17UBFddU0lgAt3H0yjX3X6/ekOj1yjw==

sweetalert2@^11.14.1:
  version "11.23.0"
  resolved "https://registry.yarnpkg.com/sweetalert2/-/sweetalert2-11.23.0.tgz#ba8a051b1e94215c762af08692171b7b4611c4c1"
  integrity sha512-cKzzbC3C1sIs7o9XAMw4E8F9kBtGXsBDUsd2JZ8JM/dqa+nzWwSGM+9LLYILZWzWHzX9W+HJNHyBlbHPVS/krw==

timeago@^1.6.7:
  version "1.6.7"
  resolved "https://registry.yarnpkg.com/timeago/-/timeago-1.6.7.tgz#afd467c29a911e697fc22a81888c7c3022783cb5"
  integrity sha512-FikcjN98+ij0siKH4VO4dZ358PR3oDDq4Vdl1+sN9gWz1/+JXGr3uZbUShYH/hL7bMhcTpPbplJU5Tej4b4jbQ==
  dependencies:
    jquery ">=1.5.0 <4.0"
